
Microsoft Visual Studio Solution File, Format Version 12.00
# Visual Studio Version 17
VisualStudioVersion = 17.14.36804.6 d17.14
MinimumVisualStudioVersion = 10.0.40219.1
Project("{FAE04EC0-301F-11D3-BF4B-00C04F79EFBC}") = "MyCv", "MyCv\MyCv.csproj", "{0B3E4F53-AF18-4FC7-ADA0-50C6B2986124}"
EndProject
Global
	GlobalSection(SolutionConfigurationPlatforms) = preSolution
		Debug|Any CPU = Debug|Any CPU
		Release|Any CPU = Release|Any CPU
	EndGlobalSection
	GlobalSection(ProjectConfigurationPlatforms) = postSolution
		{0B3E4F53-AF18-4FC7-ADA0-50C6B2986124}.Debug|Any CPU.ActiveCfg = Debug|Any CPU
		{0B3E4F53-AF18-4FC7-ADA0-50C6B2986124}.Debug|Any CPU.Build.0 = Debug|Any CPU
		{0B3E4F53-AF18-4FC7-ADA0-50C6B2986124}.Release|Any CPU.ActiveCfg = Release|Any CPU
		{0B3E4F53-AF18-4FC7-ADA0-50C6B2986124}.Release|Any CPU.Build.0 = Release|Any CPU
	EndGlobalSection
	GlobalSection(SolutionProperties) = preSolution
		HideSolutionNode = FALSE
	EndGlobalSection
	GlobalSection(ExtensibilityGlobals) = postSolution
		SolutionGuid = {25B1FFA8-C3C7-4E18-925A-153CE311A6DC}
	EndGlobalSection
EndGlobal
